
Microsoft Visual Studio Solution File, Format Version 12.00
# Visual Studio Version 17
VisualStudioVersion = 17.11.35312.102
MinimumVisualStudioVersion = 10.0.40219.1
Project("{9092AA53-FB77-4645-B42D-1CCCA6BD08BD}") = "wrmSolution", "wrmSolution.njsproj", "{D7F0F391-78D0-4292-A773-5AB369388166}"
EndProject
Global
	GlobalSection(SolutionConfigurationPlatforms) = preSolution
		Debug|Any CPU = Debug|Any CPU
		Release|Any CPU = Release|Any CPU
	EndGlobalSection
	GlobalSection(ProjectConfigurationPlatforms) = postSolution
		{D7F0F391-78D0-4292-A773-5AB369388166}.Debug|Any CPU.ActiveCfg = Debug|Any CPU
		{D7F0F391-78D0-4292-A773-5AB369388166}.Debug|Any CPU.Build.0 = Debug|Any CPU
		{D7F0F391-78D0-4292-A773-5AB369388166}.Release|Any CPU.ActiveCfg = Release|Any CPU
		{D7F0F391-78D0-4292-A773-5AB369388166}.Release|Any CPU.Build.0 = Release|Any CPU
	EndGlobalSection
	GlobalSection(SolutionProperties) = preSolution
		HideSolutionNode = FALSE
	EndGlobalSection
	GlobalSection(ExtensibilityGlobals) = postSolution
		SolutionGuid = {FA0CBF57-8678-4DF0-9D20-E0E6AA7CC66F}
	EndGlobalSection
EndGlobal
